// !$*UTF8*$!
{
	archiveVersion = 1;
	classes = {
	};
	objectVersion = 56;
	objects = {

/* Begin PBXBuildFile section */
		DE0F372D2B0B32F2000A5C33 /* Decimal+Utils.swift in Sources */ = {isa = PBXBuildFile; fileRef = DE0F372C2B0B32F2000A5C33 /* Decimal+Utils.swift */; };
		DE0F372F2B0B36A5000A5C33 /* CurrencyFormatter.swift in Sources */ = {isa = PBXBuildFile; fileRef = DE0F372E2B0B36A5000A5C33 /* CurrencyFormatter.swift */; };
		DE0F37412B0B4EE4000A5C33 /* CurrencyFormatterTests.swift in Sources */ = {isa = PBXBuildFile; fileRef = DE0F37402B0B4EE4000A5C33 /* CurrencyFormatterTests.swift */; };
		DE28CCAF2B0C7E0B003BEB84 /* NSNotificationName.swift in Sources */ = {isa = PBXBuildFile; fileRef = DE28CCAE2B0C7E0B003BEB84 /* NSNotificationName.swift */; };
		DE28CCB12B0C88C6003BEB84 /* UITextField+SecureToggle.swift in Sources */ = {isa = PBXBuildFile; fileRef = DE28CCB02B0C88C6003BEB84 /* UITextField+SecureToggle.swift */; };
		DE50DCBD2AD7C98100A266D3 /* OnboardingContainerViewController.swift in Sources */ = {isa = PBXBuildFile; fileRef = DE50DCBC2AD7C98100A266D3 /* OnboardingContainerViewController.swift */; };
		DE50DCBF2AD7D10100A266D3 /* OnboardingViewController.swift in Sources */ = {isa = PBXBuildFile; fileRef = DE50DCBE2AD7D10100A266D3 /* OnboardingViewController.swift */; };
		DE5343B32AF90F23008E28F8 /* AccountSummaryViewController.swift in Sources */ = {isa = PBXBuildFile; fileRef = DE5343B22AF90F23008E28F8 /* AccountSummaryViewController.swift */; };
		DE5343B52AF913B8008E28F8 /* AccountSummaryHeaderView.swift in Sources */ = {isa = PBXBuildFile; fileRef = DE5343B42AF913B8008E28F8 /* AccountSummaryHeaderView.swift */; };
		DE5343B72AF913E5008E28F8 /* AccountSummaryHeaderView.xib in Resources */ = {isa = PBXBuildFile; fileRef = DE5343B62AF913E5008E28F8 /* AccountSummaryHeaderView.xib */; };
		DE6D86C12ADCE38000BD2114 /* DummyViewController.swift in Sources */ = {isa = PBXBuildFile; fileRef = DE6D86C02ADCE38000BD2114 /* DummyViewController.swift */; };
		DE6D86C42ADD054B00BD2114 /* LocalState.swift in Sources */ = {isa = PBXBuildFile; fileRef = DE6D86C32ADD054B00BD2114 /* LocalState.swift */; };
		DE6D86C62ADD113B00BD2114 /* UIViewController+Utils.swift in Sources */ = {isa = PBXBuildFile; fileRef = DE6D86C52ADD113B00BD2114 /* UIViewController+Utils.swift */; };
		DE6D86C92ADD15B800BD2114 /* MainViewController.swift in Sources */ = {isa = PBXBuildFile; fileRef = DE6D86C82ADD15B800BD2114 /* MainViewController.swift */; };
		DE72C95D2B28402D00942000 /* ProfileTests.swift in Sources */ = {isa = PBXBuildFile; fileRef = DE72C95C2B28402D00942000 /* ProfileTests.swift */; };
		DE72C95F2B28427E00942000 /* AccountTests.swift in Sources */ = {isa = PBXBuildFile; fileRef = DE72C95E2B28427D00942000 /* AccountTests.swift */; };
		DE8221B92AD537FC009E7898 /* AppDelegate.swift in Sources */ = {isa = PBXBuildFile; fileRef = DE8221B82AD537FC009E7898 /* AppDelegate.swift */; };
		DE8221BD2AD537FC009E7898 /* LoginViewController.swift in Sources */ = {isa = PBXBuildFile; fileRef = DE8221BC2AD537FC009E7898 /* LoginViewController.swift */; };
		DE8221C22AD537FD009E7898 /* Assets.xcassets in Resources */ = {isa = PBXBuildFile; fileRef = DE8221C12AD537FD009E7898 /* Assets.xcassets */; };
		DE8221C52AD537FD009E7898 /* LaunchScreen.storyboard in Resources */ = {isa = PBXBuildFile; fileRef = DE8221C32AD537FD009E7898 /* LaunchScreen.storyboard */; };
		DE8221CF2AD53B33009E7898 /* LoginView.swift in Sources */ = {isa = PBXBuildFile; fileRef = DE8221CE2AD53B33009E7898 /* LoginView.swift */; };
		DE98DC082B217B1C00D61E06 /* Date+Utils.swift in Sources */ = {isa = PBXBuildFile; fileRef = DE98DC072B217B1C00D61E06 /* Date+Utils.swift */; };
		DE98DC0A2B2193CD00D61E06 /* AccountSummaryViewController+Networking.swift in Sources */ = {isa = PBXBuildFile; fileRef = DE98DC092B2193CD00D61E06 /* AccountSummaryViewController+Networking.swift */; };
		DED704782B10413000181184 /* ShakeyBell.swift in Sources */ = {isa = PBXBuildFile; fileRef = DED704772B10413000181184 /* ShakeyBell.swift */; };
		DEE76FD42AFE69CD0065BCAE /* AccountSummaryCell.swift in Sources */ = {isa = PBXBuildFile; fileRef = DEE76FD32AFE69CD0065BCAE /* AccountSummaryCell.swift */; };
/* End PBXBuildFile section */

/* Begin PBXContainerItemProxy section */
		DE0F37382B0B4CFB000A5C33 /* PBXContainerItemProxy */ = {
			isa = PBXContainerItemProxy;
			containerPortal = DE8221AD2AD537FC009E7898 /* Project object */;
			proxyType = 1;
			remoteGlobalIDString = DE8221B42AD537FC009E7898;
			remoteInfo = Bankey;
		};
/* End PBXContainerItemProxy section */

/* Begin PBXFileReference section */
		DE0F372C2B0B32F2000A5C33 /* Decimal+Utils.swift */ = {isa = PBXFileReference; lastKnownFileType = sourcecode.swift; path = "Decimal+Utils.swift"; sourceTree = "<group>"; };
		DE0F372E2B0B36A5000A5C33 /* CurrencyFormatter.swift */ = {isa = PBXFileReference; lastKnownFileType = sourcecode.swift; path = CurrencyFormatter.swift; sourceTree = "<group>"; };
		DE0F37342B0B4CFB000A5C33 /* BankeyUnitTests.xctest */ = {isa = PBXFileReference; explicitFileType = wrapper.cfbundle; includeInIndex = 0; path = BankeyUnitTests.xctest; sourceTree = BUILT_PRODUCTS_DIR; };
		DE0F37402B0B4EE4000A5C33 /* CurrencyFormatterTests.swift */ = {isa = PBXFileReference; lastKnownFileType = sourcecode.swift; path = CurrencyFormatterTests.swift; sourceTree = "<group>"; };
		DE28CCAE2B0C7E0B003BEB84 /* NSNotificationName.swift */ = {isa = PBXFileReference; lastKnownFileType = sourcecode.swift; path = NSNotificationName.swift; sourceTree = "<group>"; };
		DE28CCB02B0C88C6003BEB84 /* UITextField+SecureToggle.swift */ = {isa = PBXFileReference; lastKnownFileType = sourcecode.swift; path = "UITextField+SecureToggle.swift"; sourceTree = "<group>"; };
		DE50DCBC2AD7C98100A266D3 /* OnboardingContainerViewController.swift */ = {isa = PBXFileReference; lastKnownFileType = sourcecode.swift; path = OnboardingContainerViewController.swift; sourceTree = "<group>"; };
		DE50DCBE2AD7D10100A266D3 /* OnboardingViewController.swift */ = {isa = PBXFileReference; lastKnownFileType = sourcecode.swift; path = OnboardingViewController.swift; sourceTree = "<group>"; };
		DE5343B22AF90F23008E28F8 /* AccountSummaryViewController.swift */ = {isa = PBXFileReference; lastKnownFileType = sourcecode.swift; path = AccountSummaryViewController.swift; sourceTree = "<group>"; };
		DE5343B42AF913B8008E28F8 /* AccountSummaryHeaderView.swift */ = {isa = PBXFileReference; lastKnownFileType = sourcecode.swift; path = AccountSummaryHeaderView.swift; sourceTree = "<group>"; };
		DE5343B62AF913E5008E28F8 /* AccountSummaryHeaderView.xib */ = {isa = PBXFileReference; lastKnownFileType = file.xib; path = AccountSummaryHeaderView.xib; sourceTree = "<group>"; };
		DE6D86C02ADCE38000BD2114 /* DummyViewController.swift */ = {isa = PBXFileReference; lastKnownFileType = sourcecode.swift; path = DummyViewController.swift; sourceTree = "<group>"; };
		DE6D86C32ADD054B00BD2114 /* LocalState.swift */ = {isa = PBXFileReference; lastKnownFileType = sourcecode.swift; path = LocalState.swift; sourceTree = "<group>"; };
		DE6D86C52ADD113B00BD2114 /* UIViewController+Utils.swift */ = {isa = PBXFileReference; lastKnownFileType = sourcecode.swift; path = "UIViewController+Utils.swift"; sourceTree = "<group>"; };
		DE6D86C82ADD15B800BD2114 /* MainViewController.swift */ = {isa = PBXFileReference; lastKnownFileType = sourcecode.swift; path = MainViewController.swift; sourceTree = "<group>"; };
		DE72C95C2B28402D00942000 /* ProfileTests.swift */ = {isa = PBXFileReference; lastKnownFileType = sourcecode.swift; path = ProfileTests.swift; sourceTree = "<group>"; };
		DE72C95E2B28427D00942000 /* AccountTests.swift */ = {isa = PBXFileReference; lastKnownFileType = sourcecode.swift; path = AccountTests.swift; sourceTree = "<group>"; };
		DE8221B52AD537FC009E7898 /* Bankey.app */ = {isa = PBXFileReference; explicitFileType = wrapper.application; includeInIndex = 0; path = Bankey.app; sourceTree = BUILT_PRODUCTS_DIR; };
		DE8221B82AD537FC009E7898 /* AppDelegate.swift */ = {isa = PBXFileReference; lastKnownFileType = sourcecode.swift; path = AppDelegate.swift; sourceTree = "<group>"; };
		DE8221BC2AD537FC009E7898 /* LoginViewController.swift */ = {isa = PBXFileReference; lastKnownFileType = sourcecode.swift; path = LoginViewController.swift; sourceTree = "<group>"; };
		DE8221C12AD537FD009E7898 /* Assets.xcassets */ = {isa = PBXFileReference; lastKnownFileType = folder.assetcatalog; path = Assets.xcassets; sourceTree = "<group>"; };
		DE8221C42AD537FD009E7898 /* Base */ = {isa = PBXFileReference; lastKnownFileType = file.storyboard; name = Base; path = Base.lproj/LaunchScreen.storyboard; sourceTree = "<group>"; };
		DE8221C62AD537FD009E7898 /* Info.plist */ = {isa = PBXFileReference; lastKnownFileType = text.plist.xml; path = Info.plist; sourceTree = "<group>"; };
		DE8221CE2AD53B33009E7898 /* LoginView.swift */ = {isa = PBXFileReference; lastKnownFileType = sourcecode.swift; path = LoginView.swift; sourceTree = "<group>"; };
		DE98DC072B217B1C00D61E06 /* Date+Utils.swift */ = {isa = PBXFileReference; lastKnownFileType = sourcecode.swift; path = "Date+Utils.swift"; sourceTree = "<group>"; };
		DE98DC092B2193CD00D61E06 /* AccountSummaryViewController+Networking.swift */ = {isa = PBXFileReference; lastKnownFileType = sourcecode.swift; path = "AccountSummaryViewController+Networking.swift"; sourceTree = "<group>"; };
		DED704772B10413000181184 /* ShakeyBell.swift */ = {isa = PBXFileReference; lastKnownFileType = sourcecode.swift; path = ShakeyBell.swift; sourceTree = "<group>"; };
		DEE76FD32AFE69CD0065BCAE /* AccountSummaryCell.swift */ = {isa = PBXFileReference; lastKnownFileType = sourcecode.swift; path = AccountSummaryCell.swift; sourceTree = "<group>"; };
/* End PBXFileReference section */

/* Begin PBXFrameworksBuildPhase section */
		DE0F37312B0B4CFB000A5C33 /* Frameworks */ = {
			isa = PBXFrameworksBuildPhase;
			buildActionMask = 2147483647;
			files = (
			);
			runOnlyForDeploymentPostprocessing = 0;
		};
		DE8221B22AD537FC009E7898 /* Frameworks */ = {
			isa = PBXFrameworksBuildPhase;
			buildActionMask = 2147483647;
			files = (
			);
			runOnlyForDeploymentPostprocessing = 0;
		};
/* End PBXFrameworksBuildPhase section */

/* Begin PBXGroup section */
		DE0F37352B0B4CFB000A5C33 /* BankeyUnitTests */ = {
			isa = PBXGroup;
			children = (
				DE72C95B2B28401000942000 /* AccountSummary */,
				DE72C95A2B28400800942000 /* Utils */,
			);
			path = BankeyUnitTests;
			sourceTree = "<group>";
		};
		DE50DCBB2AD7C95000A266D3 /* Onboarding */ = {
			isa = PBXGroup;
			children = (
				DE50DCBE2AD7D10100A266D3 /* OnboardingViewController.swift */,
				DE50DCBC2AD7C98100A266D3 /* OnboardingContainerViewController.swift */,
			);
			path = Onboarding;
			sourceTree = "<group>";
		};
		DE5343B12AF90EFF008E28F8 /* AccountSummary */ = {
			isa = PBXGroup;
			children = (
				DE5343B22AF90F23008E28F8 /* AccountSummaryViewController.swift */,
				DE98DC092B2193CD00D61E06 /* AccountSummaryViewController+Networking.swift */,
				DEE76FD12AFE69920065BCAE /* Header */,
				DEE76FD22AFE69AA0065BCAE /* Cells */,
			);
			path = AccountSummary;
			sourceTree = "<group>";
		};
		DE6D86C22ADD04E700BD2114 /* Utils */ = {
			isa = PBXGroup;
			children = (
				DE6D86C52ADD113B00BD2114 /* UIViewController+Utils.swift */,
				DE0F372C2B0B32F2000A5C33 /* Decimal+Utils.swift */,
				DE28CCB02B0C88C6003BEB84 /* UITextField+SecureToggle.swift */,
				DE6D86C32ADD054B00BD2114 /* LocalState.swift */,
				DE0F372E2B0B36A5000A5C33 /* CurrencyFormatter.swift */,
				DE28CCAE2B0C7E0B003BEB84 /* NSNotificationName.swift */,
				DE98DC072B217B1C00D61E06 /* Date+Utils.swift */,
			);
			path = Utils;
			sourceTree = "<group>";
		};
		DE72C95A2B28400800942000 /* Utils */ = {
			isa = PBXGroup;
			children = (
				DE0F37402B0B4EE4000A5C33 /* CurrencyFormatterTests.swift */,
			);
			path = Utils;
			sourceTree = "<group>";
		};
		DE72C95B2B28401000942000 /* AccountSummary */ = {
			isa = PBXGroup;
			children = (
				DE72C95C2B28402D00942000 /* ProfileTests.swift */,
				DE72C95E2B28427D00942000 /* AccountTests.swift */,
			);
			path = AccountSummary;
			sourceTree = "<group>";
		};
		DE8221AC2AD537FC009E7898 = {
			isa = PBXGroup;
			children = (
				DE8221B72AD537FC009E7898 /* Bankey */,
				DE0F37352B0B4CFB000A5C33 /* BankeyUnitTests */,
				DE8221B62AD537FC009E7898 /* Products */,
			);
			sourceTree = "<group>";
		};
		DE8221B62AD537FC009E7898 /* Products */ = {
			isa = PBXGroup;
			children = (
				DE8221B52AD537FC009E7898 /* Bankey.app */,
				DE0F37342B0B4CFB000A5C33 /* BankeyUnitTests.xctest */,
			);
			name = Products;
			sourceTree = "<group>";
		};
		DE8221B72AD537FC009E7898 /* Bankey */ = {
			isa = PBXGroup;
			children = (
				DE8221B82AD537FC009E7898 /* AppDelegate.swift */,
				DE6D86C82ADD15B800BD2114 /* MainViewController.swift */,
				DE8221CD2AD53AF2009E7898 /* Login */,
				DE50DCBB2AD7C95000A266D3 /* Onboarding */,
				DE5343B12AF90EFF008E28F8 /* AccountSummary */,
				DE6D86C22ADD04E700BD2114 /* Utils */,
				DED704762B10410500181184 /* Components */,
				DE8221CC2AD53AA4009E7898 /* Files */,
			);
			path = Bankey;
			sourceTree = "<group>";
		};
		DE8221CC2AD53AA4009E7898 /* Files */ = {
			isa = PBXGroup;
			children = (
				DE8221C12AD537FD009E7898 /* Assets.xcassets */,
				DE8221C32AD537FD009E7898 /* LaunchScreen.storyboard */,
				DE8221C62AD537FD009E7898 /* Info.plist */,
			);
			name = Files;
			sourceTree = "<group>";
		};
		DE8221CD2AD53AF2009E7898 /* Login */ = {
			isa = PBXGroup;
			children = (
				DE8221BC2AD537FC009E7898 /* LoginViewController.swift */,
				DE8221CE2AD53B33009E7898 /* LoginView.swift */,
				DE6D86C02ADCE38000BD2114 /* DummyViewController.swift */,
			);
			path = Login;
			sourceTree = "<group>";
		};
		DED704762B10410500181184 /* Components */ = {
			isa = PBXGroup;
			children = (
				DED704772B10413000181184 /* ShakeyBell.swift */,
			);
			path = Components;
			sourceTree = "<group>";
		};
		DEE76FD12AFE69920065BCAE /* Header */ = {
			isa = PBXGroup;
			children = (
				DE5343B42AF913B8008E28F8 /* AccountSummaryHeaderView.swift */,
				DE5343B62AF913E5008E28F8 /* AccountSummaryHeaderView.xib */,
			);
			path = Header;
			sourceTree = "<group>";
		};
		DEE76FD22AFE69AA0065BCAE /* Cells */ = {
			isa = PBXGroup;
			children = (
				DEE76FD32AFE69CD0065BCAE /* AccountSummaryCell.swift */,
			);
			path = Cells;
			sourceTree = "<group>";
		};
/* End PBXGroup section */

/* Begin PBXNativeTarget section */
		DE0F37332B0B4CFB000A5C33 /* BankeyUnitTests */ = {
			isa = PBXNativeTarget;
			buildConfigurationList = DE0F373A2B0B4CFB000A5C33 /* Build configuration list for PBXNativeTarget "BankeyUnitTests" */;
			buildPhases = (
				DE0F37302B0B4CFB000A5C33 /* Sources */,
				DE0F37312B0B4CFB000A5C33 /* Frameworks */,
				DE0F37322B0B4CFB000A5C33 /* Resources */,
			);
			buildRules = (
			);
			dependencies = (
				DE0F37392B0B4CFB000A5C33 /* PBXTargetDependency */,
			);
			name = BankeyUnitTests;
			productName = BankeyUnitTests;
			productReference = DE0F37342B0B4CFB000A5C33 /* BankeyUnitTests.xctest */;
			productType = "com.apple.product-type.bundle.unit-test";
		};
		DE8221B42AD537FC009E7898 /* Bankey */ = {
			isa = PBXNativeTarget;
			buildConfigurationList = DE8221C92AD537FD009E7898 /* Build configuration list for PBXNativeTarget "Bankey" */;
			buildPhases = (
				DE8221B12AD537FC009E7898 /* Sources */,
				DE8221B22AD537FC009E7898 /* Frameworks */,
				DE8221B32AD537FC009E7898 /* Resources */,
			);
			buildRules = (
			);
			dependencies = (
			);
			name = Bankey;
			productName = Bankey;
			productReference = DE8221B52AD537FC009E7898 /* Bankey.app */;
			productType = "com.apple.product-type.application";
		};
/* End PBXNativeTarget section */

/* Begin PBXProject section */
		DE8221AD2AD537FC009E7898 /* Project object */ = {
			isa = PBXProject;
			attributes = {
				BuildIndependentTargetsInParallel = 1;
				LastSwiftUpdateCheck = 1430;
				LastUpgradeCheck = 1430;
				TargetAttributes = {
					DE0F37332B0B4CFB000A5C33 = {
						CreatedOnToolsVersion = 14.3.1;
						LastSwiftMigration = 1430;
						TestTargetID = DE8221B42AD537FC009E7898;
					};
					DE8221B42AD537FC009E7898 = {
						CreatedOnToolsVersion = 14.3.1;
					};
				};
			};
			buildConfigurationList = DE8221B02AD537FC009E7898 /* Build configuration list for PBXProject "Bankey" */;
			compatibilityVersion = "Xcode 14.0";
			developmentRegion = en;
			hasScannedForEncodings = 0;
			knownRegions = (
				en,
				Base,
			);
			mainGroup = DE8221AC2AD537FC009E7898;
			productRefGroup = DE8221B62AD537FC009E7898 /* Products */;
			projectDirPath = "";
			projectRoot = "";
			targets = (
				DE8221B42AD537FC009E7898 /* Bankey */,
				DE0F37332B0B4CFB000A5C33 /* BankeyUnitTests */,
			);
		};
/* End PBXProject section */

/* Begin PBXResourcesBuildPhase section */
		DE0F37322B0B4CFB000A5C33 /* Resources */ = {
			isa = PBXResourcesBuildPhase;
			buildActionMask = 2147483647;
			files = (
			);
			runOnlyForDeploymentPostprocessing = 0;
		};
		DE8221B32AD537FC009E7898 /* Resources */ = {
			isa = PBXResourcesBuildPhase;
			buildActionMask = 2147483647;
			files = (
				DE5343B72AF913E5008E28F8 /* AccountSummaryHeaderView.xib in Resources */,
				DE8221C52AD537FD009E7898 /* LaunchScreen.storyboard in Resources */,
				DE8221C22AD537FD009E7898 /* Assets.xcassets in Resources */,
			);
			runOnlyForDeploymentPostprocessing = 0;
		};
/* End PBXResourcesBuildPhase section */

/* Begin PBXSourcesBuildPhase section */
		DE0F37302B0B4CFB000A5C33 /* Sources */ = {
			isa = PBXSourcesBuildPhase;
			buildActionMask = 2147483647;
			files = (
				DE0F37412B0B4EE4000A5C33 /* CurrencyFormatterTests.swift in Sources */,
				DE72C95F2B28427E00942000 /* AccountTests.swift in Sources */,
				DE72C95D2B28402D00942000 /* ProfileTests.swift in Sources */,
			);
			runOnlyForDeploymentPostprocessing = 0;
		};
		DE8221B12AD537FC009E7898 /* Sources */ = {
			isa = PBXSourcesBuildPhase;
			buildActionMask = 2147483647;
			files = (
				DE6D86C62ADD113B00BD2114 /* UIViewController+Utils.swift in Sources */,
				DE98DC082B217B1C00D61E06 /* Date+Utils.swift in Sources */,
				DE8221CF2AD53B33009E7898 /* LoginView.swift in Sources */,
				DE6D86C42ADD054B00BD2114 /* LocalState.swift in Sources */,
				DE5343B52AF913B8008E28F8 /* AccountSummaryHeaderView.swift in Sources */,
				DE28CCB12B0C88C6003BEB84 /* UITextField+SecureToggle.swift in Sources */,
				DE6D86C12ADCE38000BD2114 /* DummyViewController.swift in Sources */,
				DE0F372F2B0B36A5000A5C33 /* CurrencyFormatter.swift in Sources */,
				DE0F372D2B0B32F2000A5C33 /* Decimal+Utils.swift in Sources */,
				DE28CCAF2B0C7E0B003BEB84 /* NSNotificationName.swift in Sources */,
				DE8221BD2AD537FC009E7898 /* LoginViewController.swift in Sources */,
				DEE76FD42AFE69CD0065BCAE /* AccountSummaryCell.swift in Sources */,
				DE50DCBF2AD7D10100A266D3 /* OnboardingViewController.swift in Sources */,
				DED704782B10413000181184 /* ShakeyBell.swift in Sources */,
				DE6D86C92ADD15B800BD2114 /* MainViewController.swift in Sources */,
				DE5343B32AF90F23008E28F8 /* AccountSummaryViewController.swift in Sources */,
				DE8221B92AD537FC009E7898 /* AppDelegate.swift in Sources */,
				DE50DCBD2AD7C98100A266D3 /* OnboardingContainerViewController.swift in Sources */,
				DE98DC0A2B2193CD00D61E06 /* AccountSummaryViewController+Networking.swift in Sources */,
			);
			runOnlyForDeploymentPostprocessing = 0;
		};
/* End PBXSourcesBuildPhase section */

/* Begin PBXTargetDependency section */
		DE0F37392B0B4CFB000A5C33 /* PBXTargetDependency */ = {
			isa = PBXTargetDependency;
			target = DE8221B42AD537FC009E7898 /* Bankey */;
			targetProxy = DE0F37382B0B4CFB000A5C33 /* PBXContainerItemProxy */;
		};
/* End PBXTargetDependency section */

/* Begin PBXVariantGroup section */
		DE8221C32AD537FD009E7898 /* LaunchScreen.storyboard */ = {
			isa = PBXVariantGroup;
			children = (
				DE8221C42AD537FD009E7898 /* Base */,
			);
			name = LaunchScreen.storyboard;
			sourceTree = "<group>";
		};
/* End PBXVariantGroup section */

/* Begin XCBuildConfiguration section */
		DE0F373B2B0B4CFB000A5C33 /* Debug */ = {
			isa = XCBuildConfiguration;
			buildSettings = {
				BUNDLE_LOADER = "$(TEST_HOST)";
				CLANG_ENABLE_MODULES = YES;
				CODE_SIGN_STYLE = Automatic;
				CURRENT_PROJECT_VERSION = 1;
				DEVELOPMENT_TEAM = FZA54JLU4F;
				GENERATE_INFOPLIST_FILE = YES;
				MARKETING_VERSION = 1.0;
				PRODUCT_BUNDLE_IDENTIFIER = UBS.BankeyUnitTests;
				PRODUCT_NAME = "$(TARGET_NAME)";
				SWIFT_EMIT_LOC_STRINGS = NO;
				SWIFT_OPTIMIZATION_LEVEL = "-Onone";
				SWIFT_VERSION = 5.0;
				TARGETED_DEVICE_FAMILY = "1,2";
				TEST_HOST = "$(BUILT_PRODUCTS_DIR)/Bankey.app/$(BUNDLE_EXECUTABLE_FOLDER_PATH)/Bankey";
			};
			name = Debug;
		};
		DE0F373C2B0B4CFB000A5C33 /* Release */ = {
			isa = XCBuildConfiguration;
			buildSettings = {
				BUNDLE_LOADER = "$(TEST_HOST)";
				CLANG_ENABLE_MODULES = YES;
				CODE_SIGN_STYLE = Automatic;
				CURRENT_PROJECT_VERSION = 1;
				DEVELOPMENT_TEAM = FZA54JLU4F;
				GENERATE_INFOPLIST_FILE = YES;
				MARKETING_VERSION = 1.0;
				PRODUCT_BUNDLE_IDENTIFIER = UBS.BankeyUnitTests;
				PRODUCT_NAME = "$(TARGET_NAME)";
				SWIFT_EMIT_LOC_STRINGS = NO;
				SWIFT_VERSION = 5.0;
				TARGETED_DEVICE_FAMILY = "1,2";
				TEST_HOST = "$(BUILT_PRODUCTS_DIR)/Bankey.app/$(BUNDLE_EXECUTABLE_FOLDER_PATH)/Bankey";
			};
			name = Release;
		};
		DE8221C72AD537FD009E7898 /* Debug */ = {
			isa = XCBuildConfiguration;
			buildSettings = {
				ALWAYS_SEARCH_USER_PATHS = NO;
				CLANG_ANALYZER_NONNULL = YES;
				CLANG_ANALYZER_NUMBER_OBJECT_CONVERSION = YES_AGGRESSIVE;
				CLANG_CXX_LANGUAGE_STANDARD = "gnu++20";
				CLANG_ENABLE_MODULES = YES;
				CLANG_ENABLE_OBJC_ARC = YES;
				CLANG_ENABLE_OBJC_WEAK = YES;
				CLANG_WARN_BLOCK_CAPTURE_AUTORELEASING = YES;
				CLANG_WARN_BOOL_CONVERSION = YES;
				CLANG_WARN_COMMA = YES;
				CLANG_WARN_CONSTANT_CONVERSION = YES;
				CLANG_WARN_DEPRECATED_OBJC_IMPLEMENTATIONS = YES;
				CLANG_WARN_DIRECT_OBJC_ISA_USAGE = YES_ERROR;
				CLANG_WARN_DOCUMENTATION_COMMENTS = YES;
				CLANG_WARN_EMPTY_BODY = YES;
				CLANG_WARN_ENUM_CONVERSION = YES;
				CLANG_WARN_INFINITE_RECURSION = YES;
				CLANG_WARN_INT_CONVERSION = YES;
				CLANG_WARN_NON_LITERAL_NULL_CONVERSION = YES;
				CLANG_WARN_OBJC_IMPLICIT_RETAIN_SELF = YES;
				CLANG_WARN_OBJC_LITERAL_CONVERSION = YES;
				CLANG_WARN_OBJC_ROOT_CLASS = YES_ERROR;
				CLANG_WARN_QUOTED_INCLUDE_IN_FRAMEWORK_HEADER = YES;
				CLANG_WARN_RANGE_LOOP_ANALYSIS = YES;
				CLANG_WARN_STRICT_PROTOTYPES = YES;
				CLANG_WARN_SUSPICIOUS_MOVE = YES;
				CLANG_WARN_UNGUARDED_AVAILABILITY = YES_AGGRESSIVE;
				CLANG_WARN_UNREACHABLE_CODE = YES;
				CLANG_WARN__DUPLICATE_METHOD_MATCH = YES;
				COPY_PHASE_STRIP = NO;
				DEBUG_INFORMATION_FORMAT = dwarf;
				ENABLE_STRICT_OBJC_MSGSEND = YES;
				ENABLE_TESTABILITY = YES;
				GCC_C_LANGUAGE_STANDARD = gnu11;
				GCC_DYNAMIC_NO_PIC = NO;
				GCC_NO_COMMON_BLOCKS = YES;
				GCC_OPTIMIZATION_LEVEL = 0;
				GCC_PREPROCESSOR_DEFINITIONS = (
					"DEBUG=1",
					"$(inherited)",
				);
				GCC_WARN_64_TO_32_BIT_CONVERSION = YES;
				GCC_WARN_ABOUT_RETURN_TYPE = YES_ERROR;
				GCC_WARN_UNDECLARED_SELECTOR = YES;
				GCC_WARN_UNINITIALIZED_AUTOS = YES_AGGRESSIVE;
				GCC_WARN_UNUSED_FUNCTION = YES;
				GCC_WARN_UNUSED_VARIABLE = YES;
				IPHONEOS_DEPLOYMENT_TARGET = 16.4;
				MTL_ENABLE_DEBUG_INFO = INCLUDE_SOURCE;
				MTL_FAST_MATH = YES;
				ONLY_ACTIVE_ARCH = YES;
				SDKROOT = iphoneos;
				SWIFT_ACTIVE_COMPILATION_CONDITIONS = DEBUG;
				SWIFT_OPTIMIZATION_LEVEL = "-Onone";
			};
			name = Debug;
		};
		DE8221C82AD537FD009E7898 /* Release */ = {
			isa = XCBuildConfiguration;
			buildSettings = {
				ALWAYS_SEARCH_USER_PATHS = NO;
				CLANG_ANALYZER_NONNULL = YES;
				CLANG_ANALYZER_NUMBER_OBJECT_CONVERSION = YES_AGGRESSIVE;
				CLANG_CXX_LANGUAGE_STANDARD = "gnu++20";
				CLANG_ENABLE_MODULES = YES;
				CLANG_ENABLE_OBJC_ARC = YES;
				CLANG_ENABLE_OBJC_WEAK = YES;
				CLANG_WARN_BLOCK_CAPTURE_AUTORELEASING = YES;
				CLANG_WARN_BOOL_CONVERSION = YES;
				CLANG_WARN_COMMA = YES;
				CLANG_WARN_CONSTANT_CONVERSION = YES;
				CLANG_WARN_DEPRECATED_OBJC_IMPLEMENTATIONS = YES;
				CLANG_WARN_DIRECT_OBJC_ISA_USAGE = YES_ERROR;
				CLANG_WARN_DOCUMENTATION_COMMENTS = YES;
				CLANG_WARN_EMPTY_BODY = YES;
				CLANG_WARN_ENUM_CONVERSION = YES;
				CLANG_WARN_INFINITE_RECURSION = YES;
				CLANG_WARN_INT_CONVERSION = YES;
				CLANG_WARN_NON_LITERAL_NULL_CONVERSION = YES;
				CLANG_WARN_OBJC_IMPLICIT_RETAIN_SELF = YES;
				CLANG_WARN_OBJC_LITERAL_CONVERSION = YES;
				CLANG_WARN_OBJC_ROOT_CLASS = YES_ERROR;
				CLANG_WARN_QUOTED_INCLUDE_IN_FRAMEWORK_HEADER = YES;
				CLANG_WARN_RANGE_LOOP_ANALYSIS = YES;
				CLANG_WARN_STRICT_PROTOTYPES = YES;
				CLANG_WARN_SUSPICIOUS_MOVE = YES;
				CLANG_WARN_UNGUARDED_AVAILABILITY = YES_AGGRESSIVE;
				CLANG_WARN_UNREACHABLE_CODE = YES;
				CLANG_WARN__DUPLICATE_METHOD_MATCH = YES;
				COPY_PHASE_STRIP = NO;
				DEBUG_INFORMATION_FORMAT = "dwarf-with-dsym";
				ENABLE_NS_ASSERTIONS = NO;
				ENABLE_STRICT_OBJC_MSGSEND = YES;
				GCC_C_LANGUAGE_STANDARD = gnu11;
				GCC_NO_COMMON_BLOCKS = YES;
				GCC_WARN_64_TO_32_BIT_CONVERSION = YES;
				GCC_WARN_ABOUT_RETURN_TYPE = YES_ERROR;
				GCC_WARN_UNDECLARED_SELECTOR = YES;
				GCC_WARN_UNINITIALIZED_AUTOS = YES_AGGRESSIVE;
				GCC_WARN_UNUSED_FUNCTION = YES;
				GCC_WARN_UNUSED_VARIABLE = YES;
				IPHONEOS_DEPLOYMENT_TARGET = 16.4;
				MTL_ENABLE_DEBUG_INFO = NO;
				MTL_FAST_MATH = YES;
				SDKROOT = iphoneos;
				SWIFT_COMPILATION_MODE = wholemodule;
				SWIFT_OPTIMIZATION_LEVEL = "-O";
				VALIDATE_PRODUCT = YES;
			};
			name = Release;
		};
		DE8221CA2AD537FD009E7898 /* Debug */ = {
			isa = XCBuildConfiguration;
			buildSettings = {
				ASSETCATALOG_COMPILER_APPICON_NAME = AppIcon;
				ASSETCATALOG_COMPILER_GLOBAL_ACCENT_COLOR_NAME = AccentColor;
				CODE_SIGN_STYLE = Automatic;
				CURRENT_PROJECT_VERSION = 1;
				DEVELOPMENT_TEAM = FZA54JLU4F;
				GENERATE_INFOPLIST_FILE = YES;
				INFOPLIST_FILE = Bankey/Info.plist;
				INFOPLIST_KEY_UIApplicationSupportsIndirectInputEvents = YES;
				INFOPLIST_KEY_UILaunchStoryboardName = LaunchScreen;
				INFOPLIST_KEY_UISupportedInterfaceOrientations_iPad = "UIInterfaceOrientationPortrait UIInterfaceOrientationPortraitUpsideDown UIInterfaceOrientationLandscapeLeft UIInterfaceOrientationLandscapeRight";
				INFOPLIST_KEY_UISupportedInterfaceOrientations_iPhone = "UIInterfaceOrientationPortrait UIInterfaceOrientationLandscapeLeft UIInterfaceOrientationLandscapeRight";
				LD_RUNPATH_SEARCH_PATHS = (
					"$(inherited)",
					"@executable_path/Frameworks",
				);
				MARKETING_VERSION = 1.0;
				PRODUCT_BUNDLE_IDENTIFIER = UBS.Bankey;
				PRODUCT_NAME = "$(TARGET_NAME)";
				SWIFT_EMIT_LOC_STRINGS = YES;
				SWIFT_VERSION = 5.0;
				TARGETED_DEVICE_FAMILY = "1,2";
			};
			name = Debug;
		};
		DE8221CB2AD537FD009E7898 /* Release */ = {
			isa = XCBuildConfiguration;
			buildSettings = {
				ASSETCATALOG_COMPILER_APPICON_NAME = AppIcon;
				ASSETCATALOG_COMPILER_GLOBAL_ACCENT_COLOR_NAME = AccentColor;
				CODE_SIGN_STYLE = Automatic;
				CURRENT_PROJECT_VERSION = 1;
				DEVELOPMENT_TEAM = FZA54JLU4F;
				GENERATE_INFOPLIST_FILE = YES;
				INFOPLIST_FILE = Bankey/Info.plist;
				INFOPLIST_KEY_UIApplicationSupportsIndirectInputEvents = YES;
				INFOPLIST_KEY_UILaunchStoryboardName = LaunchScreen;
				INFOPLIST_KEY_UISupportedInterfaceOrientations_iPad = "UIInterfaceOrientationPortrait UIInterfaceOrientationPortraitUpsideDown UIInterfaceOrientationLandscapeLeft UIInterfaceOrientationLandscapeRight";
				INFOPLIST_KEY_UISupportedInterfaceOrientations_iPhone = "UIInterfaceOrientationPortrait UIInterfaceOrientationLandscapeLeft UIInterfaceOrientationLandscapeRight";
				LD_RUNPATH_SEARCH_PATHS = (
					"$(inherited)",
					"@executable_path/Frameworks",
				);
				MARKETING_VERSION = 1.0;
				PRODUCT_BUNDLE_IDENTIFIER = UBS.Bankey;
				PRODUCT_NAME = "$(TARGET_NAME)";
				SWIFT_EMIT_LOC_STRINGS = YES;
				SWIFT_VERSION = 5.0;
				TARGETED_DEVICE_FAMILY = "1,2";
			};
			name = Release;
		};
/* End XCBuildConfiguration section */

/* Begin XCConfigurationList section */
		DE0F373A2B0B4CFB000A5C33 /* Build configuration list for PBXNativeTarget "BankeyUnitTests" */ = {
			isa = XCConfigurationList;
			buildConfigurations = (
				DE0F373B2B0B4CFB000A5C33 /* Debug */,
				DE0F373C2B0B4CFB000A5C33 /* Release */,
			);
			defaultConfigurationIsVisible = 0;
			defaultConfigurationName = Release;
		};
		DE8221B02AD537FC009E7898 /* Build configuration list for PBXProject "Bankey" */ = {
			isa = XCConfigurationList;
			buildConfigurations = (
				DE8221C72AD537FD009E7898 /* Debug */,
				DE8221C82AD537FD009E7898 /* Release */,
			);
			defaultConfigurationIsVisible = 0;
			defaultConfigurationName = Release;
		};
		DE8221C92AD537FD009E7898 /* Build configuration list for PBXNativeTarget "Bankey" */ = {
			isa = XCConfigurationList;
			buildConfigurations = (
				DE8221CA2AD537FD009E7898 /* Debug */,
				DE8221CB2AD537FD009E7898 /* Release */,
			);
			defaultConfigurationIsVisible = 0;
			defaultConfigurationName = Release;
		};
/* End XCConfigurationList section */
	};
	rootObject = DE8221AD2AD537FC009E7898 /* Project object */;
}
